# This file was autogenerated by uv via the following command:
#    uv pip compile eval/public/requirements-locomo-tokenizer.in --python-version 3.11 --generate-hashes -o eval/public/requirements-locomo-tokenizer.lock
certifi==2026.7.22 \
    --hash=sha256:62f22742b58a1a33014a2b6b706588a8d7e2a88ae7bd1a6ebe8c992928483775 \
    --hash=sha256:741e2c3b351ddf169a738da9f2c048608ff7f2c5cc02f1ebc6b118bb090d5d55
    # via requests
charset-normalizer==3.5.2 \
    --hash=sha256:01077390b03f7988f11d700a2194e69b119741a86b1a638b1db88891e3eced8e \
    --hash=sha256:01b0c0d2262a9e28e8484a278c7e1b5d650e3ac8cf2683d2967e25899f208bdf \
    --hash=sha256:04851f73ae72b8413dddadb16a49dfee95263553741fd42d546f7d66907e6be5 \
    --hash=sha256:0521c5665880b33d603717defa76c094048900010897909952397feb3039da56 \
    --hash=sha256:0774bf9bf620249fee3e0b8b9fd3065de213be30f3aa94ce2494b3b638949e26 \
    --hash=sha256:0891b9d3903c5571c03771ca669a4b0ec5618ca722a5c957d3d29cd4e5062848 \
    --hash=sha256:0c951d5e6dd9c2ff60609476752bee49da4206adde960ebc247766937f72e718 \
    --hash=sha256:0fed1d06615f022ee3b13caf5e8b180cfea32bb2c5aded8a9d44277afc040f93 \
    --hash=sha256:114e4d0c92d618409ed82a99e22b5c5e768fe995f2973f78265f4524f49d4640 \
    --hash=sha256:11912e4bb14baae7c5d8791aa55ba0a3a03ec6729073307b0f57270abaa713d3 \
    --hash=sha256:11a4d68a6ecda3292cb1e50239e111543ba5d709bb62a6b4ea1afcfa729d8875 \
    --hash=sha256:124fbf1a8ff966d87ae05bb8bd45a71f966055ed8bba320d0c7cf450bc5f4d0e \
    --hash=sha256:1461ac396c4fdb983a675f20aa555624f0ee18ac83d832b9244ffff3d8055275 \
    --hash=sha256:1503bccbeb36d5527790c3930327704c39af22de3112f1b1666a9f3ce15ee204 \
    --hash=sha256:15bb4005af6320d259dc7593ca84a38d7fe06a421dbcf7b910ae23979101e787 \
    --hash=sha256:15c44f7edfd477b06f517a5cc317fc1707edb9de2c865f43d4b6513907473234 \
    --hash=sha256:16fa0eccf81304b79c5cd87f9271c3b85dd9dd99245e4422ae9c0dd45e0f99d3 \
    --hash=sha256:183b88127acdb4fabe59d951ab424faf1af7b63cdbb5f776186c1ea2ffcaed98 \
    --hash=sha256:195c26fb65950f8fce54e26349852b7bdd7c5f120aeefbcc440b8a20faaed4a3 \
    --hash=sha256:1afb975bd5d68d5ce9f6b6d44fdf2f7e34b895a35e95708a7a91b20a3b51d187 \
    --hash=sha256:1b4cbc7c3491ccb4aa17fcd8165649d01cf39f76de1696da8631b5f71b85401d \
    --hash=sha256:1bc0baf5ef96b6ede57d47f4b8fe4d9d84019c3bfcbeb20a41edc6a6ee341f1f \
    --hash=sha256:1c50fe28bbc2ced33386f298650d91218076c05420e6cbd790b913adc41659e7 \
    --hash=sha256:1db38f4c5496827c1a501846d64d14c3b80c7e6714e406cd7dc36a9899fa1011 \
    --hash=sha256:211d5a3eb6af8f513b8d4ca19a8c1b7accab1b5f0d3175f9826b03c1a920dc1f \
    --hash=sha256:23851fb4e1b85ed3f6c2a27b777cdfe2e19fb5b38429a8faf38c7542b7665869 \
    --hash=sha256:254eb48b9fa5ee9898a3c445825a1f340fe53712a098904b39b0bddba8ea3cb1 \
    --hash=sha256:2625388c6c754520c37abaf3b41eb34d1cc4a373f457898f08606c8e362b891d \
    --hash=sha256:281cb91036248400f4cc957495cccd44c275c2e0c5854f7e45ac5cf7dc193847 \
    --hash=sha256:28a15fdad492a99b6eccfaaed66ef3f74050680545ea61ec8b2f4c538f1f1320 \
    --hash=sha256:28b4f0d66fb834ff90f28209ac7bce77868c45d8c93e26f906709d9b7c2e1af9 \
    --hash=sha256:2a925889534b3748302dae5dead07cc13480de1dac3aea80a941b729b471ef93 \
    --hash=sha256:2b7b3bbfb4fe8ef40600792d762fbaa9057559f9d3fad209525b7a22b99e91fd \
    --hash=sha256:2c9ad19a6cfcd5ea5c0d41161d22f9df1dcc277e9bef2751391334546a314c00 \
    --hash=sha256:2cc961b171b3f3440f410489ab3573e86aea8736134ebbb40ea1338b7f0831bc \
    --hash=sha256:2ce45c6627b22c47e390bc91a41c3d13032192e699fa0bea96e9671b373d69b0 \
    --hash=sha256:2e06a3a98f916dd41d27f3105e02e7a40181c98c94b9158733d03a6f80506c09 \
    --hash=sha256:304d5463e65a35d7bb0850550e0780395395f6fcf452f04db7d5ca7cecc425ac \
    --hash=sha256:304d8e4d493af723536393eee0c689eb7813f4a474c8b479dee63f1fdd98f621 \
    --hash=sha256:30fcd120b732aa79317f08dee04d7de0847822e4cf7ee0e9f445bb958832252c \
    --hash=sha256:31f3930700408d211f13378ccbe1c40845d8da54bd0681fac3a9b5aae81c7aa8 \
    --hash=sha256:34276fd796040bf0993ab33a369aa572e6979c7aab225a88893667ad8eac8f7a \
    --hash=sha256:355ad8011081dec5412240c087a9a0c9d4d5039f3ed11a3f13e18c2b29b56c51 \
    --hash=sha256:38a873987f3be698494da8b2e3085e29da02da7b633dce73e79c699a113d7bf0 \
    --hash=sha256:39de2a259fc954455c57274dc94c79d5842774e1247a016aff30bc0efed0f4ef \
    --hash=sha256:3d14b50de6bf4d0edf857a9386836846f982b8f524e188e2e68b96d702bcf4aa \
    --hash=sha256:3d21b8b13c7592db2ac5e544a6d83187b995257472b0c9e8351b6d507ae37ed6 \
    --hash=sha256:3d31298449090ab8d47b7b1b2a555ff73cac7ed438a08b7ac160980c7ebed649 \
    --hash=sha256:3ddacd27458c45bdacd6bd6db644bfb730efbf9e830310186e3045c9c5be8fb2 \
    --hash=sha256:3df041de8887954562c9b261cba85ca0e9ded74048daf125f45edcfaa4832229 \
    --hash=sha256:40ab6bffa02ae10a0581e6c198be7d2d8ca5c2a0c64e4ed3465d766df457573e \
    --hash=sha256:4275811936e2f06feff5e598fb42a1b7ae852da8e39605211892b56b81a34efd \
    --hash=sha256:443eae2bf318abeaf6f15d785138f71fd6de770e99a92158b8b814265e079115 \
    --hash=sha256:447441e76ec720b15e64418d32e092297340387053047c7c694f579efb0ee1d9 \
    --hash=sha256:4495c5002a7b28557e7e222e77e0b661183e432b7d6d2e788101e3f240e05b8c \
    --hash=sha256:44bd4fbb29dfbeba60e7d2bd000c59e4b21ddb3cc53912b14048d37092706d7c \
    --hash=sha256:4685902cf26edf013ed7a3da0f426ebba7a00ebb9541386d835afbf002c11cab \
    --hash=sha256:498dc3188ca05a68231ac3fdbfc7f57eb67e1343c30e0fea17f8218c1599b253 \
    --hash=sha256:4c2b5031f63e331e3839b40aed2dd6f191e9c07edbde303e7876846ea1946995 \
    --hash=sha256:4d48f2d08b9de5864e2c8744d4461b862fb149a18274abc8b698c45975573438 \
    --hash=sha256:4f87960d57feabfb618e4e0af6e7371645fa26a277860739d6e5d6e0012c92f0 \
    --hash=sha256:50e3adfb96fc189eb27b1cf62d3b598b89b4bb0420d93a3d3e42e137409011be \
    --hash=sha256:51cf45226a9b588d0d2b4880c62d686934b63ab0bd79ca23ab0e9762eb27441b \
    --hash=sha256:52aa6992700996af31f375de0c6bacd402b0097fe40b53c426b9f51a90ebabc7 \
    --hash=sha256:55ea99acb17b9325618de155a0cd6a2e8f5d10be008113e1d433bbb58db543b2 \
    --hash=sha256:56bc200a365efb37383b7852e4cc5898d3b2da5987289b543956cf8cad71018a \
    --hash=sha256:588461c2e8384d309bd63e5826019b6977bc66d629b99ac8737bb795d7b2cb5a \
    --hash=sha256:58ca3755ee7ff7f59b57789ec9833c9de9ea275405cdd240eda1f193112e398a \
    --hash=sha256:58f361dcbab699cf8f42db3f47c8e7fd1036f138c23a5d08de9fde5f425a730c \
    --hash=sha256:598a11a2c7ebaa5334bf698bf29568c9c390abac6a154d8170fedecd1cea38c5 \
    --hash=sha256:59f63901b0031c3136cf64704dcb21de0bbae62ce2c9529bc39d27665463de37 \
    --hash=sha256:5cde776b7cc66e4f6c99612cea4aa7269aa65863f7a15841b2c264f103822f4e \
    --hash=sha256:5e2b6b57e9733d39f0c9fd3185efa6b8e29652c4cd8fe94180272cf6ed9a78c4 \
    --hash=sha256:5fb29fb8cd1a46c27a1bf9613ad5ec2599310d46b4025d9556404a6b6a292800 \
    --hash=sha256:6045373d5a89a5ec71afde535db987ca28e76dfa276c2d4c818265b375d4b055 \
    --hash=sha256:619799369eeef6366ed3e8755a5670f4f2f0fb6b30a0fd7264dc0fdc2357058e \
    --hash=sha256:62588a277bfb59def052abd940703fa35107152bf479781a878617d60faf8fb5 \
    --hash=sha256:62603db9a7caa0802eaa28c1c46fecd7b3a263a774069c24c3c28c302448721c \
    --hash=sha256:65cd72beeeca9d3aaea1201e5923859f308f952f9c71de93f06063c79f0f7a3b \
    --hash=sha256:68eb192d85ab8e5f6ec69c2bc6ac0179fbf04a5ac1569d12fbef74883fe102d0 \
    --hash=sha256:6bd128f206a7752ae1f2ab6c61bf8a24ba28913a10df8b14c2637b973ff97a80 \
    --hash=sha256:6be488a102b8cf28d0391d8c4ba7748938ae28b78ad901f8585520fca33ead1a \
    --hash=sha256:7218e8f32b0956cfcd048fd42d9d5779809745ca1d86113ca56f66e7ae1549c4 \
    --hash=sha256:7441d755b7ab94f8d4eb3e43ec05482d760842fd263d003a99102d742cd835e2 \
    --hash=sha256:749e97e1b32313717a565abbe321bc2190bc8b35f1a67e4cdbc7c56c8d8ffe58 \
    --hash=sha256:75a3ceed0724d625d64b86ca20aba182e4df462e04c2414fc941c0f523f06aac \
    --hash=sha256:780fbe7cab297b81dad9fb8dc5eb003c0468ffb0d9e5f65068c53a34661a96bc \
    --hash=sha256:78456a747de8dc58360ffa581f30a002baf5aa28cb262536545e91f113ed7639 \
    --hash=sha256:7967d08cf06dee78443b874f98c98036f624f3a4e73e11f9f64f5be4d25393cf \
    --hash=sha256:7a881931aa470808df94a8c380eed2bbbc76cd9dc622310f99665658c821eb6d \
    --hash=sha256:7dcd882da75ef9adf94903b1e3b9419e8aa8fb4c7396822b834b9ef7fb96954f \
    --hash=sha256:7e841fb9010836c992c9f12fcbd43a831de93a5f726fc1ccd8ca1d0268c5014c \
    --hash=sha256:7fdde2c9fd9e3eca40631e024664cf2584272cc8f96308cbe5fdfc930f51d8bc \
    --hash=sha256:8024d00c3faf3fc0c16e07a69f4405e8eac7cc0ab15f65fe6cf43827c4cf72b4 \
    --hash=sha256:80d02b6f04e92601a081dd97b23d3128033098bff5d35d392ddcc0476ea11253 \
    --hash=sha256:838dcc90063569a0448120554591a1d6c4a4ffe11babf048908793154ab86ade \
    --hash=sha256:849df64e889b2e17230d58410a03dba311a65b163508fd33679b2b737d4b7858 \
    --hash=sha256:87475fabc8d9996fd9c27debb395e642e8c838d78a00b6e932227a0e06b81e26 \
    --hash=sha256:87e50a3e7cb90af586b6c5faf23e302a970415ac73bd7bd90a515a04b427ef96 \
    --hash=sha256:89b53f3cda69831909888e0494f4fa0bcd3537e3e138dabeb620bd6ad946bae8 \
    --hash=sha256:8a893cc101149f80a653f82062ebc95b34525a2614382e1da5458fe7c6997249 \
    --hash=sha256:8b2bfab86aa71ae13aa41a6a26aab338e0db2b8bc75434b05aea89e011ff35a4 \
    --hash=sha256:8d86d6fc60743dc916eb79e2eb1ec4818e21e427731543af40a3021851174a13 \
    --hash=sha256:915563965d418f986e7e145accc592eae9e1a1be3566ff98a05d7a9ec42a76e1 \
    --hash=sha256:92888bb3187c5ba50500b00b3b310c9f2c651709d28036077680cb5255450a03 \
    --hash=sha256:93223adc95033dd47133a46ccfc316a0139176fd79085762e27202ec56018f03 \
    --hash=sha256:9373ad13ef0d2c0fb761e04e55bfdee5a08b52cef2c882c8fbe9935b1517152e \
    --hash=sha256:9409a8bf35cf78353942504b24a57de3d75b708997a1e4bd8db71ac8633ce364 \
    --hash=sha256:9b7f416ff0978e2f2249330527f0ad6fa02f4932e6199692d3b52da2048c19e4 \
    --hash=sha256:9bde855991b7e362c146535e3136a50bfaffc0487d38b33ca7e5edefc6e23849 \
    --hash=sha256:9cae88599c7219005d879f98e5ed53341e9a122af585e1091200358a3003d2a0 \
    --hash=sha256:9cf9b1a857e25c4baceeb3624e92a56df3668f398c4acba74e174d81fb4d1d3a \
    --hash=sha256:9f56f72050826f63dcee7a7f55b0a77168cb3bfc553fd405e7f8f9ece75a4036 \
    --hash=sha256:a090bb2c68df85450502e3e20d665e3a5af9c65a84d6508ed477badd49166fd3 \
    --hash=sha256:a192e2c40070d92c3ccf777e3a5c4ff515573cd2bb7ed0c537fdadbbec5bbf21 \
    --hash=sha256:a19a731138fc27d5682277d3b9df22855cea1239bce7fcec5f78f42ef2d1f3c3 \
    --hash=sha256:a66c3bc5ab1f0ff2164fc9965ddd611ff0802173f4b9d24554c563f6ab7e1d6e \
    --hash=sha256:a815775b6c38d4e0ff7bcffbeba67feded90202bb6a226b8dd35f1c855217413 \
    --hash=sha256:a89012d6d5476ee112d20d998570ed58df2260a852afb1758809cd6900411d21 \
    --hash=sha256:ae4f5fea5b8b8ccff88238cc8569303e5ee95efae67fa62922a311397a71f346 \
    --hash=sha256:b6856554c4f44d79fc2307d5768854310a8f0096e501c75637542c82292b0429 \
    --hash=sha256:b6b751274acb69d77b3323d6b7dbaa3c7fdfc1eb829b7eb61d262f32e1af9685 \
    --hash=sha256:b736353c0a625bbd5fcec108576e2385db3496f4f771f785ff32e108d3c3bc45 \
    --hash=sha256:b7fd005a73d9e657273b7a10dc71a9e03c8fb9ee6999798d6918ce095b81ac7f \
    --hash=sha256:b91363207bd9dc966a691e959bb47f64b30f7ac4b072be9968b366982f7db77c \
    --hash=sha256:ba0b1d2620edf869789c3879223f52bf2afc5d31b3cb47cc57b3a12c05e2aa9d \
    --hash=sha256:bbbfc8e28816f19d7c0f1816664980c0a9875d01b27cdf8eedddb639d9e108ad \
    --hash=sha256:bd16aabe4a02a297c23417aa17ac6299dbd8c49f673bcd645b4929b11f5a4400 \
    --hash=sha256:c0afc6800ba57ccc350374c5bd6150419915d95ce93cdbab2d783d75eaf30ecb \
    --hash=sha256:c6708715abcf3c73b99508253e961a9967f02fe536532834149574eda6de0d1c \
    --hash=sha256:c7c9ab723cde841fefb34efbad91e87f00a674b1fe1cd0784fde742bf2c154dc \
    --hash=sha256:c8f3d67aeaf55f017982b73683f0e7342ba2f6635a78f69ce89ebb26aa411e5c \
    --hash=sha256:c9790464842f85f437dbbb54417eda1e0e6bfc52dd8d22d6fd1c994b73b2dc74 \
    --hash=sha256:ca403d7e4798f525fdfc78e258820419cbbd0f0ecbab9de7840e3c017cf6b8cf \
    --hash=sha256:d008d90a7f2471519aef0c90dfbe73b3e6e4d5e66ac48e19154c17e89e98b604 \
    --hash=sha256:d19fbd981a488e22cd04883659ca6b08f50b5974f9fd7c95655ef6a043e5893f \
    --hash=sha256:d1befeed746d247c81127bb14de9dc3d30edb6e5976d34f83f86ed262b1d9105 \
    --hash=sha256:d2374b62878abb00cd8309b32af6c0b715cd02dec0ca74ef12e5069bdc64144a \
    --hash=sha256:d376bbd28b3a8999db1a103b3b388aee6f1ddeb3e51bc2172993efdcd86e064d \
    --hash=sha256:d4a7319f304a774bed22115bc891618e45f85065ab44ea6acd07d274e750519a \
    --hash=sha256:d6734d2ef8a50fbf8445c139477da401f50d62a0606bf00e20ec6d87773fefb1 \
    --hash=sha256:d760fe2a4d7c3b226cb9026d6a842868d52a7901bd98420e1baf14e80da85cf5 \
    --hash=sha256:d913de495d90407cd859d263bee2e5d1a4ed3eb6573c04e70d9ec619a7cbed7f \
    --hash=sha256:db19d07e2e0129e974a0e65d0064fc222a446cd5122c2fd4184d2af9fc734a9e \
    --hash=sha256:dca9ab98072a5a54ebacebdc45f53e645336b320c667410b061be1ca588ae709 \
    --hash=sha256:ddc7dacc8ece3a182e7f15cb862d1fd616b46d076cb1ae9dd232b2c38b655874 \
    --hash=sha256:ddf19c062bea7a0cc80f519243d2c01dd091be0cf952a0750d4ad576709559f5 \
    --hash=sha256:def79fa35ef0cef8d2accec024f4fdc7ead3012ff02f5215c783f39f03ef8cfc \
    --hash=sha256:df29a0a7107f7011e77f4eebdddec4c7331e24d787a0b21a46d63bdf7445da95 \
    --hash=sha256:e09a3942ecbdee5cce73ea9d42da82b81b72ac1bf031ce069b93b5adf4eac8cd \
    --hash=sha256:e242bb1c5e76e97dfa9e7f209a71e93a01d7f19ffdd5cfbb2e2d55b4f08f8ab0 \
    --hash=sha256:e243bd13217235fc7290c621941c3f5cc8b66e4872495be821d7436ba2fb838d \
    --hash=sha256:e2af3aad578aa6bd1384bcf4750fc285e5a9de53f40b7d41e5a0bf748edeb2b3 \
    --hash=sha256:e4e81e09c1578b8df602e3db08b0b3ea0a6947ad612f52bf8dc5ea8d47691f0c \
    --hash=sha256:e54da4baf05720032d527874d40b65fa4d7e5c6c6a43d0c3adbeffcaf275a2b3 \
    --hash=sha256:e80e6c2f55656b4824d72065abb4ddd6a525c74bd78a0aab5d9fc2cf4fb5af50 \
    --hash=sha256:ed2a239c0ea213acc1908150a3037257083c7c083128f1a4cec2ec4b97dca491 \
    --hash=sha256:ed905975ab14056a2e5eb1c376cb2e1ebc5396baf84163939c518556fccde9f5 \
    --hash=sha256:ee21e28f0430bd6dc9086c6e525d5e818a44a5ad19720c8a0ef766792f3eb5e5 \
    --hash=sha256:ee43c17b173d46a3212baa6ead3ae258eeabdae48c263a01ccf0218c366dd655 \
    --hash=sha256:ef4fcbf3327382cd4c9f540babd61248208af7b93eec4de397b4d5f58a09e288 \
    --hash=sha256:eff0ac9dbe711a4aee69bf04a83896aa9b85f19641264053a9f6d48573abb7dd \
    --hash=sha256:f0aa869112ef88429ae17820d99c3dd9504c9e9c671d3c246f3d7442cb051084 \
    --hash=sha256:f3c96f633825733f735c5a9cf21d21a257d8e1edf0b1cee0a064b9c424ca0f7d \
    --hash=sha256:f5833ad231be5eb6553de524a70f48d71b2c8563101750531e0b80184e175cd4 \
    --hash=sha256:f5ec61164adcec446f8969a3358ec3f9b26bbda3b9213e5586d219afa8df2915 \
    --hash=sha256:f7d486c83842422badd511868fd8a9a20e9407ace71564b6af47ce7e60a336c1 \
    --hash=sha256:fb9e68df06293761f9fe66ade60a9bc6d0f5e42b8acf2939a9158af86ab0e5bd \
    --hash=sha256:fc14a032f813bf5fe624d991960ea83e9715adc27e4c1830a2361eb1d02ac341 \
    --hash=sha256:fcff63213e8e6e47770541a4607175404f47cbb3ebea7b6058cc82d524a0e424 \
    --hash=sha256:fd1fbe0f116b6e55da77aca2c6ddcddcfac2186cbf78bdebf40fc156efca389d \
    --hash=sha256:fe9753dfee015c570d73df76f899f18444d41388bffcde097deba51c4fadbb9f
    # via requests
click==8.5.0 \
    --hash=sha256:255bc9599cf7748b4b1a446ccc735421bd08a2ae529a8b88597d3de5664ee360 \
    --hash=sha256:ba0d2089de75ea0310e2dde03160e6ca10009947fb95a182f9b54021bb272e34
    # via nltk
cloudpickle==3.1.2 \
    --hash=sha256:7fda9eb655c9c230dab534f1983763de5835249750e85fbcef43aaa30a9a2414 \
    --hash=sha256:9acb47f6afd73f60dc1df93bb801b472f05ff42fa6c84167d25cb206be1fbf4a
    # via joblib
idna==3.20 \
    --hash=sha256:a7db850025b95ded1eae8a46181a1a6c56c92c96f0e2b005d9ff8dc0210cab44 \
    --hash=sha256:ab7ae7122974553370f0bdb919e1a960b2cd1bc1ef0276416d896db81c14582c
    # via requests
iniconfig==2.3.0 \
    --hash=sha256:c76315c77db068650d49c5b56314774a7804df16fee4402c1f19d6d15d8c4730 \
    --hash=sha256:f631c04d2c48c52b84d0d0549c99ff3859c98df65b3101406327ecc7d53fbf12
    # via pytest
joblib==1.6.0 \
    --hash=sha256:2ccc96785b12046c08fd6d55839c12857831b54a3c1673ffadd2f04bfc4eda03 \
    --hash=sha256:3dbbf9f6e4b592a2357b854608e980fe6390d131d7a82f011a377ef2ebef7aba
    # via nltk
nltk==3.8.1 \
    --hash=sha256:1834da3d0682cba4f2cede2f9aad6b0fafb6461ba451db0efb6f9c39798d64d3 \
    --hash=sha256:fd5c9109f976fa86bcadba8f91e47f5e9293bd034474752e92a520f81c93dda5
    # via -r eval/public/requirements-locomo.txt
numpy==1.26.0 \
    --hash=sha256:020cdbee66ed46b671429c7265cf00d8ac91c046901c55684954c3958525dab2 \
    --hash=sha256:0621f7daf973d34d18b4e4bafb210bbaf1ef5e0100b5fa750bd9cde84c7ac292 \
    --hash=sha256:0792824ce2f7ea0c82ed2e4fecc29bb86bee0567a080dacaf2e0a01fe7654369 \
    --hash=sha256:09aaee96c2cbdea95de76ecb8a586cb687d281c881f5f17bfc0fb7f5890f6b91 \
    --hash=sha256:166b36197e9debc4e384e9c652ba60c0bacc216d0fc89e78f973a9760b503388 \
    --hash=sha256:186ba67fad3c60dbe8a3abff3b67a91351100f2661c8e2a80364ae6279720299 \
    --hash=sha256:306545e234503a24fe9ae95ebf84d25cba1fdc27db971aa2d9f1ab6bba19a9dd \
    --hash=sha256:436c8e9a4bdeeee84e3e59614d38c3dbd3235838a877af8c211cfcac8a80b8d3 \
    --hash=sha256:4a873a8180479bc829313e8d9798d5234dfacfc2e8a7ac188418189bb8eafbd2 \
    --hash=sha256:4acc65dd65da28060e206c8f27a573455ed724e6179941edb19f97e58161bb69 \
    --hash=sha256:51be5f8c349fdd1a5568e72713a21f518e7d6707bcf8503b528b88d33b57dc68 \
    --hash=sha256:546b7dd7e22f3c6861463bebb000646fa730e55df5ee4a0224408b5694cc6148 \
    --hash=sha256:5671338034b820c8d58c81ad1dafc0ed5a00771a82fccc71d6438df00302094b \
    --hash=sha256:637c58b468a69869258b8ae26f4a4c6ff8abffd4a8334c830ffb63e0feefe99a \
    --hash=sha256:767254ad364991ccfc4d81b8152912e53e103ec192d1bb4ea6b1f5a7117040be \
    --hash=sha256:7d484292eaeb3e84a51432a94f53578689ffdea3f90e10c8b203a99be5af57d8 \
    --hash=sha256:7f6bad22a791226d0a5c7c27a80a20e11cfe09ad5ef9084d4d3fc4a299cca505 \
    --hash=sha256:86f737708b366c36b76e953c46ba5827d8c27b7a8c9d0f471810728e5a2fe57c \
    --hash=sha256:8c6adc33561bd1d46f81131d5352348350fc23df4d742bb246cdfca606ea1208 \
    --hash=sha256:914b28d3215e0c721dc75db3ad6d62f51f630cb0c277e6b3bcb39519bed10bd8 \
    --hash=sha256:b44e6a09afc12952a7d2a58ca0a2429ee0d49a4f89d83a0a11052da696440e49 \
    --hash=sha256:bb0d9a1aaf5f1cb7967320e80690a1d7ff69f1d47ebc5a9bea013e3a21faec95 \
    --hash=sha256:c0b45c8b65b79337dee5134d038346d30e109e9e2e9d43464a2970e5c0e93229 \
    --hash=sha256:c2e698cb0c6dda9372ea98a0344245ee65bdc1c9dd939cceed6bb91256837896 \
    --hash=sha256:c78a22e95182fb2e7874712433eaa610478a3caf86f28c621708d35fa4fd6e7f \
    --hash=sha256:e062aa24638bb5018b7841977c360d2f5917268d125c833a686b7cbabbec496c \
    --hash=sha256:e5e18e5b14a7560d8acf1c596688f4dfd19b4f2945b245a71e5af4ddb7422feb \
    --hash=sha256:eae430ecf5794cb7ae7fa3808740b015aa80747e5266153128ef055975a72b99 \
    --hash=sha256:ee84ca3c58fe48b8ddafdeb1db87388dce2c3c3f701bf447b05e4cfcc3679112 \
    --hash=sha256:f042f66d0b4ae6d48e70e28d487376204d3cbf43b84c03bac57e28dac6151581 \
    --hash=sha256:f8db2f125746e44dce707dd44d4f4efeea8d7e2b43aace3f8d1f235cfa2733dd \
    --hash=sha256:f93fc78fe8bf15afe2b8d6b6499f1c73953169fad1e9a8dd086cdff3190e7fdf
    # via -r eval/public/requirements-locomo.txt
packaging==26.3 \
    --hash=sha256:94edc256424af38762eb31306eed28beb9f0efc50a8837492c9d6fd6004aed79 \
    --hash=sha256:d7193f7c8e4e93f444fde0262bf90af30e16fa0ad0ad44cb553c87339b23cd1c
    # via pytest
pluggy==1.6.0 \
    --hash=sha256:7dcc130b76258d33b90f61b658791dede3486c3e6bfb003ee5c9bfb396dd22f3 \
    --hash=sha256:e920276dd6813095e9377c0bc5566d94c932c33b27a3e3945d8389c374dd4746
    # via pytest
pygments==2.21.0 \
    --hash=sha256:2363c69b61c4a97c838da3b130dcd6468f4848992b21a82f2a63ec34377137d9 \
    --hash=sha256:610ca751c9bc2492b38eb9a38a7fbc93edbbb2d7182edaf34e66ae493dee5c8c
    # via pytest
pytest==9.1.1 \
    --hash=sha256:1088fbde8f2b49d95a549a195707afa7a76a3ce9bcadc26b6d71f0ffda5fe313 \
    --hash=sha256:37a86b45efb9a47a61a36449063e8e18d0cab3161329fc099eb21783169c4f0c
    # via -r eval/public/requirements-locomo-test.in
regex==2022.10.31 \
    --hash=sha256:052b670fafbe30966bbe5d025e90b2a491f85dfe5b2583a163b5e60a85a321ad \
    --hash=sha256:0653d012b3bf45f194e5e6a41df9258811ac8fc395579fa82958a8b76286bea4 \
    --hash=sha256:0a069c8483466806ab94ea9068c34b200b8bfc66b6762f45a831c4baaa9e8cdd \
    --hash=sha256:0cf0da36a212978be2c2e2e2d04bdff46f850108fccc1851332bcae51c8907cc \
    --hash=sha256:131d4be09bea7ce2577f9623e415cab287a3c8e0624f778c1d955ec7c281bd4d \
    --hash=sha256:144486e029793a733e43b2e37df16a16df4ceb62102636ff3db6033994711066 \
    --hash=sha256:1ddf14031a3882f684b8642cb74eea3af93a2be68893901b2b387c5fd92a03ec \
    --hash=sha256:1eba476b1b242620c266edf6325b443a2e22b633217a9835a52d8da2b5c051f9 \
    --hash=sha256:20f61c9944f0be2dc2b75689ba409938c14876c19d02f7585af4460b6a21403e \
    --hash=sha256:22960019a842777a9fa5134c2364efaed5fbf9610ddc5c904bd3a400973b0eb8 \
    --hash=sha256:22e7ebc231d28393dfdc19b185d97e14a0f178bedd78e85aad660e93b646604e \
    --hash=sha256:23cbb932cc53a86ebde0fb72e7e645f9a5eec1a5af7aa9ce333e46286caef783 \
    --hash=sha256:29c04741b9ae13d1e94cf93fca257730b97ce6ea64cfe1eba11cf9ac4e85afb6 \
    --hash=sha256:2bde29cc44fa81c0a0c8686992c3080b37c488df167a371500b2a43ce9f026d1 \
    --hash=sha256:2cdc55ca07b4e70dda898d2ab7150ecf17c990076d3acd7a5f3b25cb23a69f1c \
    --hash=sha256:370f6e97d02bf2dd20d7468ce4f38e173a124e769762d00beadec3bc2f4b3bc4 \
    --hash=sha256:395161bbdbd04a8333b9ff9763a05e9ceb4fe210e3c7690f5e68cedd3d65d8e1 \
    --hash=sha256:44136355e2f5e06bf6b23d337a75386371ba742ffa771440b85bed367c1318d1 \
    --hash=sha256:44a6c2f6374e0033873e9ed577a54a3602b4f609867794c1a3ebba65e4c93ee7 \
    --hash=sha256:4919899577ba37f505aaebdf6e7dc812d55e8f097331312db7f1aab18767cce8 \
    --hash=sha256:4b4b1fe58cd102d75ef0552cf17242705ce0759f9695334a56644ad2d83903fe \
    --hash=sha256:4bdd56ee719a8f751cf5a593476a441c4e56c9b64dc1f0f30902858c4ef8771d \
    --hash=sha256:4bf41b8b0a80708f7e0384519795e80dcb44d7199a35d52c15cc674d10b3081b \
    --hash=sha256:4cac3405d8dda8bc6ed499557625585544dd5cbf32072dcc72b5a176cb1271c8 \
    --hash=sha256:4fe7fda2fe7c8890d454f2cbc91d6c01baf206fbc96d89a80241a02985118c0c \
    --hash=sha256:50921c140561d3db2ab9f5b11c5184846cde686bb5a9dc64cae442926e86f3af \
    --hash=sha256:5217c25229b6a85049416a5c1e6451e9060a1edcf988641e309dbe3ab26d3e49 \
    --hash=sha256:5352bea8a8f84b89d45ccc503f390a6be77917932b1c98c4cdc3565137acc714 \
    --hash=sha256:542e3e306d1669b25936b64917285cdffcd4f5c6f0247636fec037187bd93542 \
    --hash=sha256:543883e3496c8b6d58bd036c99486c3c8387c2fc01f7a342b760c1ea3158a318 \
    --hash=sha256:586b36ebda81e6c1a9c5a5d0bfdc236399ba6595e1397842fd4a45648c30f35e \
    --hash=sha256:597f899f4ed42a38df7b0e46714880fb4e19a25c2f66e5c908805466721760f5 \
    --hash=sha256:5a260758454580f11dd8743fa98319bb046037dfab4f7828008909d0aa5292bc \
    --hash=sha256:5aefb84a301327ad115e9d346c8e2760009131d9d4b4c6b213648d02e2abe144 \
    --hash=sha256:5e6a5567078b3eaed93558842346c9d678e116ab0135e22eb72db8325e90b453 \
    --hash=sha256:5ff525698de226c0ca743bfa71fc6b378cda2ddcf0d22d7c37b1cc925c9650a5 \
    --hash=sha256:61edbca89aa3f5ef7ecac8c23d975fe7261c12665f1d90a6b1af527bba86ce61 \
    --hash=sha256:659175b2144d199560d99a8d13b2228b85e6019b6e09e556209dfb8c37b78a11 \
    --hash=sha256:6a9a19bea8495bb419dc5d38c4519567781cd8d571c72efc6aa959473d10221a \
    --hash=sha256:6b30bddd61d2a3261f025ad0f9ee2586988c6a00c780a2fb0a92cea2aa702c54 \
    --hash=sha256:6ffd55b5aedc6f25fd8d9f905c9376ca44fcf768673ffb9d160dd6f409bfda73 \
    --hash=sha256:702d8fc6f25bbf412ee706bd73019da5e44a8400861dfff7ff31eb5b4a1276dc \
    --hash=sha256:74bcab50a13960f2a610cdcd066e25f1fd59e23b69637c92ad470784a51b1347 \
    --hash=sha256:75f591b2055523fc02a4bbe598aa867df9e953255f0b7f7715d2a36a9c30065c \
    --hash=sha256:763b64853b0a8f4f9cfb41a76a4a85a9bcda7fdda5cb057016e7706fde928e66 \
    --hash=sha256:76c598ca73ec73a2f568e2a72ba46c3b6c8690ad9a07092b18e48ceb936e9f0c \
    --hash=sha256:78d680ef3e4d405f36f0d6d1ea54e740366f061645930072d39bca16a10d8c93 \
    --hash=sha256:7b280948d00bd3973c1998f92e22aa3ecb76682e3a4255f33e1020bd32adf443 \
    --hash=sha256:7db345956ecce0c99b97b042b4ca7326feeec6b75facd8390af73b18e2650ffc \
    --hash=sha256:7dbdce0c534bbf52274b94768b3498abdf675a691fec5f751b6057b3030f34c1 \
    --hash=sha256:7ef6b5942e6bfc5706301a18a62300c60db9af7f6368042227ccb7eeb22d0892 \
    --hash=sha256:7f5a3ffc731494f1a57bd91c47dc483a1e10048131ffb52d901bfe2beb6102e8 \
    --hash=sha256:8a45b6514861916c429e6059a55cf7db74670eaed2052a648e3e4d04f070e001 \
    --hash=sha256:8ad241da7fac963d7573cc67a064c57c58766b62a9a20c452ca1f21050868dfa \
    --hash=sha256:8b0886885f7323beea6f552c28bff62cbe0983b9fbb94126531693ea6c5ebb90 \
    --hash=sha256:8ca88da1bd78990b536c4a7765f719803eb4f8f9971cc22d6ca965c10a7f2c4c \
    --hash=sha256:8e0caeff18b96ea90fc0eb6e3bdb2b10ab5b01a95128dfeccb64a7238decf5f0 \
    --hash=sha256:957403a978e10fb3ca42572a23e6f7badff39aa1ce2f4ade68ee452dc6807692 \
    --hash=sha256:9af69f6746120998cd9c355e9c3c6aec7dff70d47247188feb4f829502be8ab4 \
    --hash=sha256:9c94f7cc91ab16b36ba5ce476f1904c91d6c92441f01cd61a8e2729442d6fcf5 \
    --hash=sha256:a37d51fa9a00d265cf73f3de3930fa9c41548177ba4f0faf76e61d512c774690 \
    --hash=sha256:a3a98921da9a1bf8457aeee6a551948a83601689e5ecdd736894ea9bbec77e83 \
    --hash=sha256:a3c1ebd4ed8e76e886507c9eddb1a891673686c813adf889b864a17fafcf6d66 \
    --hash=sha256:a5f9505efd574d1e5b4a76ac9dd92a12acb2b309551e9aa874c13c11caefbe4f \
    --hash=sha256:a8ff454ef0bb061e37df03557afda9d785c905dab15584860f982e88be73015f \
    --hash=sha256:a9d0b68ac1743964755ae2d89772c7e6fb0118acd4d0b7464eaf3921c6b49dd4 \
    --hash=sha256:aa62a07ac93b7cb6b7d0389d8ef57ffc321d78f60c037b19dfa78d6b17c928ee \
    --hash=sha256:ac741bf78b9bb432e2d314439275235f41656e189856b11fb4e774d9f7246d81 \
    --hash=sha256:ae1e96785696b543394a4e3f15f3f225d44f3c55dafe3f206493031419fedf95 \
    --hash=sha256:b683e5fd7f74fb66e89a1ed16076dbab3f8e9f34c18b1979ded614fe10cdc4d9 \
    --hash=sha256:b7a8b43ee64ca8f4befa2bea4083f7c52c92864d8518244bfa6e88c751fa8fff \
    --hash=sha256:b8e38472739028e5f2c3a4aded0ab7eadc447f0d84f310c7a8bb697ec417229e \
    --hash=sha256:bfff48c7bd23c6e2aec6454aaf6edc44444b229e94743b34bdcdda2e35126cf5 \
    --hash=sha256:c14b63c9d7bab795d17392c7c1f9aaabbffd4cf4387725a0ac69109fb3b550c6 \
    --hash=sha256:c27cc1e4b197092e50ddbf0118c788d9977f3f8f35bfbbd3e76c1846a3443df7 \
    --hash=sha256:c28d3309ebd6d6b2cf82969b5179bed5fefe6142c70f354ece94324fa11bf6a1 \
    --hash=sha256:c670f4773f2f6f1957ff8a3962c7dd12e4be54d05839b216cb7fd70b5a1df394 \
    --hash=sha256:ce6910b56b700bea7be82c54ddf2e0ed792a577dfaa4a76b9af07d550af435c6 \
    --hash=sha256:d0213671691e341f6849bf33cd9fad21f7b1cb88b89e024f33370733fec58742 \
    --hash=sha256:d03fe67b2325cb3f09be029fd5da8df9e6974f0cde2c2ac6a79d2634e791dd57 \
    --hash=sha256:d0e5af9a9effb88535a472e19169e09ce750c3d442fb222254a276d77808620b \
    --hash=sha256:d243b36fbf3d73c25e48014961e83c19c9cc92530516ce3c43050ea6276a2ab7 \
    --hash=sha256:d26166acf62f731f50bdd885b04b38828436d74e8e362bfcb8df221d868b5d9b \
    --hash=sha256:d403d781b0e06d2922435ce3b8d2376579f0c217ae491e273bab8d092727d244 \
    --hash=sha256:d8716f82502997b3d0895d1c64c3b834181b1eaca28f3f6336a71777e437c2af \
    --hash=sha256:e4f781ffedd17b0b834c8731b75cce2639d5a8afe961c1e58ee7f1f20b3af185 \
    --hash=sha256:e613a98ead2005c4ce037c7b061f2409a1a4e45099edb0ef3200ee26ed2a69a8 \
    --hash=sha256:ef4163770525257876f10e8ece1cf25b71468316f61451ded1a6f44273eedeb5
    # via
    #   -r eval/public/requirements-locomo.txt
    #   nltk
    #   tiktoken
requests==2.34.2 \
    --hash=sha256:2a0d60c172f83ac6ab31e4554906c0f3b3588d37b5cb939b1c061f4907e278e0 \
    --hash=sha256:f288924cae4e29463698d6d60bc6a4da69c89185ad1e0bcc4104f584e960b9ed
    # via tiktoken
tiktoken==0.5.2 \
    --hash=sha256:01d8b171bb5df4035580bc26d4f5339a6fd58d06f069091899d4a798ea279d3e \
    --hash=sha256:0c964f554af1a96884e01188f480dad3fc224c4bbcf7af75d4b74c4b74ae0125 \
    --hash=sha256:138d173abbf1ec75863ad68ca289d4da30caa3245f3c8d4bfb274c4d629a2f77 \
    --hash=sha256:15fed1dd88e30dfadcdd8e53a8927f04e1f6f81ad08a5ca824858a593ab476c7 \
    --hash=sha256:2ddee082dcf1231ccf3a591d234935e6acf3e82ee28521fe99af9630bc8d2a60 \
    --hash=sha256:2ed7d380195affbf886e2f8b92b14edfe13f4768ff5fc8de315adba5b773815e \
    --hash=sha256:35c057a6a4e777b5966a7540481a75a31429fc1cb4c9da87b71c8b75b5143037 \
    --hash=sha256:368dd5726d2e8788e47ea04f32e20f72a2012a8a67af5b0b003d1e059f1d30a3 \
    --hash=sha256:3d8c7d2c9313f8e92e987d585ee2ba0f7c40a0de84f4805b093b634f792124f5 \
    --hash=sha256:41d4d3228e051b779245a8ddd21d4336f8975563e92375662f42d05a19bdff41 \
    --hash=sha256:42adf7d4fb1ed8de6e0ff2e794a6a15005f056a0d83d22d1d6755a39bffd9e7f \
    --hash=sha256:4c3f894dbe0adb44609f3d532b8ea10820d61fdcb288b325a458dfc60fefb7db \
    --hash=sha256:4c4a049b87e28f1dc60509f8eb7790bc8d11f9a70d99b9dd18dfdd81a084ffe6 \
    --hash=sha256:51cba7c8711afa0b885445f0637f0fcc366740798c40b981f08c5f984e02c9d1 \
    --hash=sha256:58902a8bad2de4268c2a701f1c844d22bfa3cbcc485b10e8e3e28a050179330b \
    --hash=sha256:58ccfddb4e62f0df974e8f7e34a667981d9bb553a811256e617731bf1d007d19 \
    --hash=sha256:5bf5ce759089f4f6521ea6ed89d8f988f7b396e9f4afb503b945f5c949c6bec2 \
    --hash=sha256:5e39257826d0647fcac403d8fa0a474b30d02ec8ffc012cfaf13083e9b5e82c5 \
    --hash=sha256:6092e6e77730929c8c6a51bb0d7cfdf1b72b63c4d033d6258d1f2ee81052e9e5 \
    --hash=sha256:60a5654d6a2e2d152637dd9a880b4482267dfc8a86ccf3ab1cec31a8c76bfae8 \
    --hash=sha256:692eca18c5fd8d1e0dde767f895c17686faaa102f37640e884eecb6854e7cca7 \
    --hash=sha256:72ad8ae2a747622efae75837abba59be6c15a8f31b4ac3c6156bc56ec7a8e631 \
    --hash=sha256:7388fdd684690973fdc450b47dfd24d7f0cbe658f58a576169baef5ae4658607 \
    --hash=sha256:7b3134aa24319f42c27718c6967f3c1916a38a715a0fa73d33717ba121231307 \
    --hash=sha256:84ddb36faedb448a50b246e13d1b6ee3437f60b7169b723a4b2abad75e914f3e \
    --hash=sha256:8bde3b0fbf09a23072d39c1ede0e0821f759b4fa254a5f00078909158e90ae1f \
    --hash=sha256:8c4e654282ef05ec1bd06ead22141a9a1687991cef2c6a81bdd1284301abc71d \
    --hash=sha256:93f8e692db5756f7ea8cb0cfca34638316dcf0841fb8469de8ed7f6a015ba0b0 \
    --hash=sha256:a114391790113bcff670c70c24e166a841f7ea8f47ee2fe0e71e08b49d0bf2d4 \
    --hash=sha256:a2deef9115b8cd55536c0a02c0203512f8deb2447f41585e6d929a0b878a0dd2 \
    --hash=sha256:a5c1cdec2c92fcde8c17a50814b525ae6a88e8e5b02030dc120b76e11db93f13 \
    --hash=sha256:b76a1e17d4eb4357d00f0622d9a48ffbb23401dcf36f9716d9bd9c8e79d421aa \
    --hash=sha256:bcae1c4c92df2ffc4fe9f475bf8148dbb0ee2404743168bbeb9dcc4b79dc1fdd \
    --hash=sha256:c76fce01309c8140ffe15eb34ded2bb94789614b7d1d09e206838fc173776a18 \
    --hash=sha256:ca96f001e69f6859dd52926d950cfcc610480e920e576183497ab954e645e6ac \
    --hash=sha256:f54c581f134a8ea96ce2023ab221d4d4d81ab614efa0b2fbce926387deb56c80
    # via -r eval/public/requirements-locomo-tokenizer.in
tqdm==4.70.1 \
    --hash=sha256:c293e525e6fef9c20e8728fd4612df02a0aa31bb5fe91ecd93e123b1b7bffa73 \
    --hash=sha256:cefd0eca11b2a37a3aee776544d4f4ae913f02688135b5556b8788dfa474afc4
    # via nltk
urllib3==2.8.0 \
    --hash=sha256:0cf3cae568d36aa9576b28dfb35f11328f1cb974ca7647d9475ebb86c75ac6e3 \
    --hash=sha256:63bf2ead4c879426ebf22ef2a781eeb4aa3b4ae798a0435506f8687fd5bb9b63
    # via requests
